// !$*UTF8*$!
{
	archiveVersion = 1;
	classes = {
	};
	objectVersion = 46;
	objects = {

/* Begin PBXBuildFile section */
		5890F39C18031B7900872B41 /* Foundation.framework in Frameworks */ = {isa = PBXBuildFile; fileRef = 5890F39B18031B7900872B41 /* Foundation.framework */; };
		5890F39E18031B7900872B41 /* CoreGraphics.framework in Frameworks */ = {isa = PBXBuildFile; fileRef = 5890F39D18031B7900872B41 /* CoreGraphics.framework */; };
		5890F3A018031B7900872B41 /* UIKit.framework in Frameworks */ = {isa = PBXBuildFile; fileRef = 5890F39F18031B7900872B41 /* UIKit.framework */; };
		5890F3A618031B7900872B41 /* InfoPlist.strings in Resources */ = {isa = PBXBuildFile; fileRef = 5890F3A418031B7900872B41 /* InfoPlist.strings */; };
		5890F3A818031B7900872B41 /* main.m in Sources */ = {isa = PBXBuildFile; fileRef = 5890F3A718031B7900872B41 /* main.m */; };
		5890F3AC18031B7900872B41 /* AppDelegate.m in Sources */ = {isa = PBXBuildFile; fileRef = 5890F3AB18031B7900872B41 /* AppDelegate.m */; };
		5890F3AF18031B7900872B41 /* RootViewController.m in Sources */ = {isa = PBXBuildFile; fileRef = 5890F3AE18031B7900872B41 /* RootViewController.m */; };
		5890F3B218031B7900872B41 /* DataViewController.m in Sources */ = {isa = PBXBuildFile; fileRef = 5890F3B118031B7900872B41 /* DataViewController.m */; };
		5890F3B518031B7900872B41 /* ModelController.m in Sources */ = {isa = PBXBuildFile; fileRef = 5890F3B418031B7900872B41 /* ModelController.m */; };
		5890F3B818031B7900872B41 /* Main.storyboard in Resources */ = {isa = PBXBuildFile; fileRef = 5890F3B618031B7900872B41 /* Main.storyboard */; };
		5890F3BA18031B7900872B41 /* Images.xcassets in Resources */ = {isa = PBXBuildFile; fileRef = 5890F3B918031B7900872B41 /* Images.xcassets */; };
		5890F3C118031B7A00872B41 /* XCTest.framework in Frameworks */ = {isa = PBXBuildFile; fileRef = 5890F3C018031B7A00872B41 /* XCTest.framework */; };
		5890F3C218031B7A00872B41 /* Foundation.framework in Frameworks */ = {isa = PBXBuildFile; fileRef = 5890F39B18031B7900872B41 /* Foundation.framework */; };
		5890F3C318031B7A00872B41 /* UIKit.framework in Frameworks */ = {isa = PBXBuildFile; fileRef = 5890F39F18031B7900872B41 /* UIKit.framework */; };
		5890F3CB18031B7A00872B41 /* InfoPlist.strings in Resources */ = {isa = PBXBuildFile; fileRef = 5890F3C918031B7A00872B41 /* InfoPlist.strings */; };
		5890F3CD18031B7A00872B41 /* FaceDetectorTests.m in Sources */ = {isa = PBXBuildFile; fileRef = 5890F3CC18031B7A00872B41 /* FaceDetectorTests.m */; };
/* End PBXBuildFile section */

/* Begin PBXContainerItemProxy section */
		5890F3C418031B7A00872B41 /* PBXContainerItemProxy */ = {
			isa = PBXContainerItemProxy;
			containerPortal = 5890F39018031B7900872B41 /* Project object */;
			proxyType = 1;
			remoteGlobalIDString = 5890F39718031B7900872B41;
			remoteInfo = FaceDetector;
		};
/* End PBXContainerItemProxy section */

/* Begin PBXFileReference section */
		5890F39818031B7900872B41 /* FaceDetector.app */ = {isa = PBXFileReference; explicitFileType = wrapper.application; includeInIndex = 0; path = FaceDetector.app; sourceTree = BUILT_PRODUCTS_DIR; };
		5890F39B18031B7900872B41 /* Foundation.framework */ = {isa = PBXFileReference; lastKnownFileType = wrapper.framework; name = Foundation.framework; path = System/Library/Frameworks/Foundation.framework; sourceTree = SDKROOT; };
		5890F39D18031B7900872B41 /* CoreGraphics.framework */ = {isa = PBXFileReference; lastKnownFileType = wrapper.framework; name = CoreGraphics.framework; path = System/Library/Frameworks/CoreGraphics.framework; sourceTree = SDKROOT; };
		5890F39F18031B7900872B41 /* UIKit.framework */ = {isa = PBXFileReference; lastKnownFileType = wrapper.framework; name = UIKit.framework; path = System/Library/Frameworks/UIKit.framework; sourceTree = SDKROOT; };
		5890F3A318031B7900872B41 /* FaceDetector-Info.plist */ = {isa = PBXFileReference; lastKnownFileType = text.plist.xml; path = "FaceDetector-Info.plist"; sourceTree = "<group>"; };
		5890F3A518031B7900872B41 /* en */ = {isa = PBXFileReference; lastKnownFileType = text.plist.strings; name = en; path = en.lproj/InfoPlist.strings; sourceTree = "<group>"; };
		5890F3A718031B7900872B41 /* main.m */ = {isa = PBXFileReference; lastKnownFileType = sourcecode.c.objc; path = main.m; sourceTree = "<group>"; };
		5890F3A918031B7900872B41 /* FaceDetector-Prefix.pch */ = {isa = PBXFileReference; lastKnownFileType = sourcecode.c.h; path = "FaceDetector-Prefix.pch"; sourceTree = "<group>"; };
		5890F3AA18031B7900872B41 /* AppDelegate.h */ = {isa = PBXFileReference; lastKnownFileType = sourcecode.c.h; path = AppDelegate.h; sourceTree = "<group>"; };
		5890F3AB18031B7900872B41 /* AppDelegate.m */ = {isa = PBXFileReference; lastKnownFileType = sourcecode.c.objc; path = AppDelegate.m; sourceTree = "<group>"; };
		5890F3AD18031B7900872B41 /* RootViewController.h */ = {isa = PBXFileReference; lastKnownFileType = sourcecode.c.h; path = RootViewController.h; sourceTree = "<group>"; };
		5890F3AE18031B7900872B41 /* RootViewController.m */ = {isa = PBXFileReference; lastKnownFileType = sourcecode.c.objc; path = RootViewController.m; sourceTree = "<group>"; };
		5890F3B018031B7900872B41 /* DataViewController.h */ = {isa = PBXFileReference; lastKnownFileType = sourcecode.c.h; path = DataViewController.h; sourceTree = "<group>"; };
		5890F3B118031B7900872B41 /* DataViewController.m */ = {isa = PBXFileReference; lastKnownFileType = sourcecode.c.objc; path = DataViewController.m; sourceTree = "<group>"; };
		5890F3B318031B7900872B41 /* ModelController.h */ = {isa = PBXFileReference; lastKnownFileType = sourcecode.c.h; path = ModelController.h; sourceTree = "<group>"; };
		5890F3B418031B7900872B41 /* ModelController.m */ = {isa = PBXFileReference; lastKnownFileType = sourcecode.c.objc; path = ModelController.m; sourceTree = "<group>"; };
		5890F3B718031B7900872B41 /* Base */ = {isa = PBXFileReference; lastKnownFileType = file.storyboard; name = Base; path = Base.lproj/Main.storyboard; sourceTree = "<group>"; };
		5890F3B918031B7900872B41 /* Images.xcassets */ = {isa = PBXFileReference; lastKnownFileType = folder.assetcatalog; path = Images.xcassets; sourceTree = "<group>"; };
		5890F3BF18031B7900872B41 /* FaceDetectorTests.xctest */ = {isa = PBXFileReference; explicitFileType = wrapper.cfbundle; includeInIndex = 0; path = FaceDetectorTests.xctest; sourceTree = BUILT_PRODUCTS_DIR; };
		5890F3C018031B7A00872B41 /* XCTest.framework */ = {isa = PBXFileReference; lastKnownFileType = wrapper.framework; name = XCTest.framework; path = Library/Frameworks/XCTest.framework; sourceTree = DEVELOPER_DIR; };
		5890F3C818031B7A00872B41 /* FaceDetectorTests-Info.plist */ = {isa = PBXFileReference; lastKnownFileType = text.plist.xml; path = "FaceDetectorTests-Info.plist"; sourceTree = "<group>"; };
		5890F3CA18031B7A00872B41 /* en */ = {isa = PBXFileReference; lastKnownFileType = text.plist.strings; name = en; path = en.lproj/InfoPlist.strings; sourceTree = "<group>"; };
		5890F3CC18031B7A00872B41 /* FaceDetectorTests.m */ = {isa = PBXFileReference; lastKnownFileType = sourcecode.c.objc; path = FaceDetectorTests.m; sourceTree = "<group>"; };
/* End PBXFileReference section */

/* Begin PBXFrameworksBuildPhase section */
		5890F39518031B7900872B41 /* Frameworks */ = {
			isa = PBXFrameworksBuildPhase;
			buildActionMask = 2147483647;
			files = (
				5890F39E18031B7900872B41 /* CoreGraphics.framework in Frameworks */,
				5890F3A018031B7900872B41 /* UIKit.framework in Frameworks */,
				5890F39C18031B7900872B41 /* Foundation.framework in Frameworks */,
			);
			runOnlyForDeploymentPostprocessing = 0;
		};
		5890F3BC18031B7900872B41 /* Frameworks */ = {
			isa = PBXFrameworksBuildPhase;
			buildActionMask = 2147483647;
			files = (
				5890F3C118031B7A00872B41 /* XCTest.framework in Frameworks */,
				5890F3C318031B7A00872B41 /* UIKit.framework in Frameworks */,
				5890F3C218031B7A00872B41 /* Foundation.framework in Frameworks */,
			);
			runOnlyForDeploymentPostprocessing = 0;
		};
/* End PBXFrameworksBuildPhase section */

/* Begin PBXGroup section */
		5890F38F18031B7900872B41 = {
			isa = PBXGroup;
			children = (
				5890F3A118031B7900872B41 /* FaceDetector */,
				5890F3C618031B7A00872B41 /* FaceDetectorTests */,
				5890F39A18031B7900872B41 /* Frameworks */,
				5890F39918031B7900872B41 /* Products */,
			);
			sourceTree = "<group>";
		};
		5890F39918031B7900872B41 /* Products */ = {
			isa = PBXGroup;
			children = (
				5890F39818031B7900872B41 /* FaceDetector.app */,
				5890F3BF18031B7900872B41 /* FaceDetectorTests.xctest */,
			);
			name = Products;
			sourceTree = "<group>";
		};
		5890F39A18031B7900872B41 /* Frameworks */ = {
			isa = PBXGroup;
			children = (
				5890F39B18031B7900872B41 /* Foundation.framework */,
				5890F39D18031B7900872B41 /* CoreGraphics.framework */,
				5890F39F18031B7900872B41 /* UIKit.framework */,
				5890F3C018031B7A00872B41 /* XCTest.framework */,
			);
			name = Frameworks;
			sourceTree = "<group>";
		};
		5890F3A118031B7900872B41 /* FaceDetector */ = {
			isa = PBXGroup;
			children = (
				5890F3AA18031B7900872B41 /* AppDelegate.h */,
				5890F3AB18031B7900872B41 /* AppDelegate.m */,
				5890F3AD18031B7900872B41 /* RootViewController.h */,
				5890F3AE18031B7900872B41 /* RootViewController.m */,
				5890F3B018031B7900872B41 /* DataViewController.h */,
				5890F3B118031B7900872B41 /* DataViewController.m */,
				5890F3B318031B7900872B41 /* ModelController.h */,
				5890F3B418031B7900872B41 /* ModelController.m */,
				5890F3B618031B7900872B41 /* Main.storyboard */,
				5890F3B918031B7900872B41 /* Images.xcassets */,
				5890F3A218031B7900872B41 /* Supporting Files */,
			);
			path = FaceDetector;
			sourceTree = "<group>";
		};
		5890F3A218031B7900872B41 /* Supporting Files */ = {
			isa = PBXGroup;
			children = (
				5890F3A318031B7900872B41 /* FaceDetector-Info.plist */,
				5890F3A418031B7900872B41 /* InfoPlist.strings */,
				5890F3A718031B7900872B41 /* main.m */,
				5890F3A918031B7900872B41 /* FaceDetector-Prefix.pch */,
			);
			name = "Supporting Files";
			sourceTree = "<group>";
		};
		5890F3C618031B7A00872B41 /* FaceDetectorTests */ = {
			isa = PBXGroup;
			children = (
				5890F3CC18031B7A00872B41 /* FaceDetectorTests.m */,
				5890F3C718031B7A00872B41 /* Supporting Files */,
			);
			path = FaceDetectorTests;
			sourceTree = "<group>";
		};
		5890F3C718031B7A00872B41 /* Supporting Files */ = {
			isa = PBXGroup;
			children = (
				5890F3C818031B7A00872B41 /* FaceDetectorTests-Info.plist */,
				5890F3C918031B7A00872B41 /* InfoPlist.strings */,
			);
			name = "Supporting Files";
			sourceTree = "<group>";
		};
/* End PBXGroup section */

/* Begin PBXNativeTarget section */
		5890F39718031B7900872B41 /* FaceDetector */ = {
			isa = PBXNativeTarget;
			buildConfigurationList = 5890F3D018031B7A00872B41 /* Build configuration list for PBXNativeTarget "FaceDetector" */;
			buildPhases = (
				5890F39418031B7900872B41 /* Sources */,
				5890F39518031B7900872B41 /* Frameworks */,
				5890F39618031B7900872B41 /* Resources */,
			);
			buildRules = (
			);
			dependencies = (
			);
			name = FaceDetector;
			productName = FaceDetector;
			productReference = 5890F39818031B7900872B41 /* FaceDetector.app */;
			productType = "com.apple.product-type.application";
		};
		5890F3BE18031B7900872B41 /* FaceDetectorTests */ = {
			isa = PBXNativeTarget;
			buildConfigurationList = 5890F3D318031B7A00872B41 /* Build configuration list for PBXNativeTarget "FaceDetectorTests" */;
			buildPhases = (
				5890F3BB18031B7900872B41 /* Sources */,
				5890F3BC18031B7900872B41 /* Frameworks */,
				5890F3BD18031B7900872B41 /* Resources */,
			);
			buildRules = (
			);
			dependencies = (
				5890F3C518031B7A00872B41 /* PBXTargetDependency */,
			);
			name = FaceDetectorTests;
			productName = FaceDetectorTests;
			productReference = 5890F3BF18031B7900872B41 /* FaceDetectorTests.xctest */;
			productType = "com.apple.product-type.bundle.unit-test";
		};
/* End PBXNativeTarget section */

/* Begin PBXProject section */
		5890F39018031B7900872B41 /* Project object */ = {
			isa = PBXProject;
			attributes = {
				LastUpgradeCheck = 0500;
				ORGANIZATIONNAME = "Sig Inc.";
				TargetAttributes = {
					5890F3BE18031B7900872B41 = {
						TestTargetID = 5890F39718031B7900872B41;
					};
				};
			};
			buildConfigurationList = 5890F39318031B7900872B41 /* Build configuration list for PBXProject "FaceDetector" */;
			compatibilityVersion = "Xcode 3.2";
			developmentRegion = English;
			hasScannedForEncodings = 0;
			knownRegions = (
				en,
				Base,
			);
			mainGroup = 5890F38F18031B7900872B41;
			productRefGroup = 5890F39918031B7900872B41 /* Products */;
			projectDirPath = "";
			projectRoot = "";
			targets = (
				5890F39718031B7900872B41 /* FaceDetector */,
				5890F3BE18031B7900872B41 /* FaceDetectorTests */,
			);
		};
/* End PBXProject section */

/* Begin PBXResourcesBuildPhase section */
		5890F39618031B7900872B41 /* Resources */ = {
			isa = PBXResourcesBuildPhase;
			buildActionMask = 2147483647;
			files = (
				5890F3BA18031B7900872B41 /* Images.xcassets in Resources */,
				5890F3A618031B7900872B41 /* InfoPlist.strings in Resources */,
				5890F3B818031B7900872B41 /* Main.storyboard in Resources */,
			);
			runOnlyForDeploymentPostprocessing = 0;
		};
		5890F3BD18031B7900872B41 /* Resources */ = {
			isa = PBXResourcesBuildPhase;
			buildActionMask = 2147483647;
			files = (
				5890F3CB18031B7A00872B41 /* InfoPlist.strings in Resources */,
			);
			runOnlyForDeploymentPostprocessing = 0;
		};
/* End PBXResourcesBuildPhase section */

/* Begin PBXSourcesBuildPhase section */
		5890F39418031B7900872B41 /* Sources */ = {
			isa = PBXSourcesBuildPhase;
			buildActionMask = 2147483647;
			files = (
				5890F3B218031B7900872B41 /* DataViewController.m in Sources */,
				5890F3AC18031B7900872B41 /* AppDelegate.m in Sources */,
				5890F3B518031B7900872B41 /* ModelController.m in Sources */,
				5890F3A818031B7900872B41 /* main.m in Sources */,
				5890F3AF18031B7900872B41 /* RootViewController.m in Sources */,
			);
			runOnlyForDeploymentPostprocessing = 0;
		};
		5890F3BB18031B7900872B41 /* Sources */ = {
			isa = PBXSourcesBuildPhase;
			buildActionMask = 2147483647;
			files = (
				5890F3CD18031B7A00872B41 /* FaceDetectorTests.m in Sources */,
			);
			runOnlyForDeploymentPostprocessing = 0;
		};
/* End PBXSourcesBuildPhase section */

/* Begin PBXTargetDependency section */
		5890F3C518031B7A00872B41 /* PBXTargetDependency */ = {
			isa = PBXTargetDependency;
			target = 5890F39718031B7900872B41 /* FaceDetector */;
			targetProxy = 5890F3C418031B7A00872B41 /* PBXContainerItemProxy */;
		};
/* End PBXTargetDependency section */

/* Begin PBXVariantGroup section */
		5890F3A418031B7900872B41 /* InfoPlist.strings */ = {
			isa = PBXVariantGroup;
			children = (
				5890F3A518031B7900872B41 /* en */,
			);
			name = InfoPlist.strings;
			sourceTree = "<group>";
		};
		5890F3B618031B7900872B41 /* Main.storyboard */ = {
			isa = PBXVariantGroup;
			children = (
				5890F3B718031B7900872B41 /* Base */,
			);
			name = Main.storyboard;
			sourceTree = "<group>";
		};
		5890F3C918031B7A00872B41 /* InfoPlist.strings */ = {
			isa = PBXVariantGroup;
			children = (
				5890F3CA18031B7A00872B41 /* en */,
			);
			name = InfoPlist.strings;
			sourceTree = "<group>";
		};
/* End PBXVariantGroup section */

/* Begin XCBuildConfiguration section */
		5890F3CE18031B7A00872B41 /* Debug */ = {
			isa = XCBuildConfiguration;
			buildSettings = {
				ALWAYS_SEARCH_USER_PATHS = NO;
				ARCHS = "$(ARCHS_STANDARD_INCLUDING_64_BIT)";
				CLANG_CXX_LANGUAGE_STANDARD = "gnu++0x";
				CLANG_CXX_LIBRARY = "libc++";
				CLANG_ENABLE_MODULES = YES;
				CLANG_ENABLE_OBJC_ARC = YES;
				CLANG_WARN_BOOL_CONVERSION = YES;
				CLANG_WARN_CONSTANT_CONVERSION = YES;
				CLANG_WARN_DIRECT_OBJC_ISA_USAGE = YES_ERROR;
				CLANG_WARN_EMPTY_BODY = YES;
				CLANG_WARN_ENUM_CONVERSION = YES;
				CLANG_WARN_INT_CONVERSION = YES;
				CLANG_WARN_OBJC_ROOT_CLASS = YES_ERROR;
				CLANG_WARN__DUPLICATE_METHOD_MATCH = YES;
				"CODE_SIGN_IDENTITY[sdk=iphoneos*]" = "iPhone Developer";
				COPY_PHASE_STRIP = NO;
				GCC_C_LANGUAGE_STANDARD = gnu99;
				GCC_DYNAMIC_NO_PIC = NO;
				GCC_OPTIMIZATION_LEVEL = 0;
				GCC_PREPROCESSOR_DEFINITIONS = (
					"DEBUG=1",
					"$(inherited)",
				);
				GCC_SYMBOLS_PRIVATE_EXTERN = NO;
				GCC_WARN_64_TO_32_BIT_CONVERSION = YES;
				GCC_WARN_ABOUT_RETURN_TYPE = YES_ERROR;
				GCC_WARN_UNDECLARED_SELECTOR = YES;
				GCC_WARN_UNINITIALIZED_AUTOS = YES;
				GCC_WARN_UNUSED_FUNCTION = YES;
				GCC_WARN_UNUSED_VARIABLE = YES;
				IPHONEOS_DEPLOYMENT_TARGET = 7.0;
				ONLY_ACTIVE_ARCH = YES;
				SDKROOT = iphoneos;
			};
			name = Debug;
		};
		5890F3CF18031B7A00872B41 /* Release */ = {
			isa = XCBuildConfiguration;
			buildSettings = {
				ALWAYS_SEARCH_USER_PATHS = NO;
				ARCHS = "$(ARCHS_STANDARD_INCLUDING_64_BIT)";
				CLANG_CXX_LANGUAGE_STANDARD = "gnu++0x";
				CLANG_CXX_LIBRARY = "libc++";
				CLANG_ENABLE_MODULES = YES;
				CLANG_ENABLE_OBJC_ARC = YES;
				CLANG_WARN_BOOL_CONVERSION = YES;
				CLANG_WARN_CONSTANT_CONVERSION = YES;
				CLANG_WARN_DIRECT_OBJC_ISA_USAGE = YES_ERROR;
				CLANG_WARN_EMPTY_BODY = YES;
				CLANG_WARN_ENUM_CONVERSION = YES;
				CLANG_WARN_INT_CONVERSION = YES;
				CLANG_WARN_OBJC_ROOT_CLASS = YES_ERROR;
				CLANG_WARN__DUPLICATE_METHOD_MATCH = YES;
				"CODE_SIGN_IDENTITY[sdk=iphoneos*]" = "iPhone Developer";
				COPY_PHASE_STRIP = YES;
				ENABLE_NS_ASSERTIONS = NO;
				GCC_C_LANGUAGE_STANDARD = gnu99;
				GCC_WARN_64_TO_32_BIT_CONVERSION = YES;
				GCC_WARN_ABOUT_RETURN_TYPE = YES_ERROR;
				GCC_WARN_UNDECLARED_SELECTOR = YES;
				GCC_WARN_UNINITIALIZED_AUTOS = YES;
				GCC_WARN_UNUSED_FUNCTION = YES;
				GCC_WARN_UNUSED_VARIABLE = YES;
				IPHONEOS_DEPLOYMENT_TARGET = 7.0;
				SDKROOT = iphoneos;
				VALIDATE_PRODUCT = YES;
			};
			name = Release;
		};
		5890F3D118031B7A00872B41 /* Debug */ = {
			isa = XCBuildConfiguration;
			buildSettings = {
				ASSETCATALOG_COMPILER_APPICON_NAME = AppIcon;
				ASSETCATALOG_COMPILER_LAUNCHIMAGE_NAME = LaunchImage;
				GCC_PRECOMPILE_PREFIX_HEADER = YES;
				GCC_PREFIX_HEADER = "FaceDetector/FaceDetector-Prefix.pch";
				INFOPLIST_FILE = "FaceDetector/FaceDetector-Info.plist";
				PRODUCT_NAME = "$(TARGET_NAME)";
				WRAPPER_EXTENSION = app;
			};
			name = Debug;
		};
		5890F3D218031B7A00872B41 /* Release */ = {
			isa = XCBuildConfiguration;
			buildSettings = {
				ASSETCATALOG_COMPILER_APPICON_NAME = AppIcon;
				ASSETCATALOG_COMPILER_LAUNCHIMAGE_NAME = LaunchImage;
				GCC_PRECOMPILE_PREFIX_HEADER = YES;
				GCC_PREFIX_HEADER = "FaceDetector/FaceDetector-Prefix.pch";
				INFOPLIST_FILE = "FaceDetector/FaceDetector-Info.plist";
				PRODUCT_NAME = "$(TARGET_NAME)";
				WRAPPER_EXTENSION = app;
			};
			name = Release;
		};
		5890F3D418031B7A00872B41 /* Debug */ = {
			isa = XCBuildConfiguration;
			buildSettings = {
				ARCHS = "$(ARCHS_STANDARD_INCLUDING_64_BIT)";
				BUNDLE_LOADER = "$(BUILT_PRODUCTS_DIR)/FaceDetector.app/FaceDetector";
				FRAMEWORK_SEARCH_PATHS = (
					"$(SDKROOT)/Developer/Library/Frameworks",
					"$(inherited)",
					"$(DEVELOPER_FRAMEWORKS_DIR)",
				);
				GCC_PRECOMPILE_PREFIX_HEADER = YES;
				GCC_PREFIX_HEADER = "FaceDetector/FaceDetector-Prefix.pch";
				GCC_PREPROCESSOR_DEFINITIONS = (
					"DEBUG=1",
					"$(inherited)",
				);
				INFOPLIST_FILE = "FaceDetectorTests/FaceDetectorTests-Info.plist";
				PRODUCT_NAME = "$(TARGET_NAME)";
				TEST_HOST = "$(BUNDLE_LOADER)";
				WRAPPER_EXTENSION = xctest;
			};
			name = Debug;
		};
		5890F3D518031B7A00872B41 /* Release */ = {
			isa = XCBuildConfiguration;
			buildSettings = {
				ARCHS = "$(ARCHS_STANDARD_INCLUDING_64_BIT)";
				BUNDLE_LOADER = "$(BUILT_PRODUCTS_DIR)/FaceDetector.app/FaceDetector";
				FRAMEWORK_SEARCH_PATHS = (
					"$(SDKROOT)/Developer/Library/Frameworks",
					"$(inherited)",
					"$(DEVELOPER_FRAMEWORKS_DIR)",
				);
				GCC_PRECOMPILE_PREFIX_HEADER = YES;
				GCC_PREFIX_HEADER = "FaceDetector/FaceDetector-Prefix.pch";
				INFOPLIST_FILE = "FaceDetectorTests/FaceDetectorTests-Info.plist";
				PRODUCT_NAME = "$(TARGET_NAME)";
				TEST_HOST = "$(BUNDLE_LOADER)";
				WRAPPER_EXTENSION = xctest;
			};
			name = Release;
		};
/* End XCBuildConfiguration section */

/* Begin XCConfigurationList section */
		5890F39318031B7900872B41 /* Build configuration list for PBXProject "FaceDetector" */ = {
			isa = XCConfigurationList;
			buildConfigurations = (
				5890F3CE18031B7A00872B41 /* Debug */,
				5890F3CF18031B7A00872B41 /* Release */,
			);
			defaultConfigurationIsVisible = 0;
			defaultConfigurationName = Release;
		};
		5890F3D018031B7A00872B41 /* Build configuration list for PBXNativeTarget "FaceDetector" */ = {
			isa = XCConfigurationList;
			buildConfigurations = (
				5890F3D118031B7A00872B41 /* Debug */,
				5890F3D218031B7A00872B41 /* Release */,
			);
			defaultConfigurationIsVisible = 0;
		};
		5890F3D318031B7A00872B41 /* Build configuration list for PBXNativeTarget "FaceDetectorTests" */ = {
			isa = XCConfigurationList;
			buildConfigurations = (
				5890F3D418031B7A00872B41 /* Debug */,
				5890F3D518031B7A00872B41 /* Release */,
			);
			defaultConfigurationIsVisible = 0;
		};
/* End XCConfigurationList section */
	};
	rootObject = 5890F39018031B7900872B41 /* Project object */;
}
